
Microsoft Visual Studio Solution File, Format Version 12.00
# Visual Studio Version 17
VisualStudioVersion = 17.0.31903.59
MinimumVisualStudioVersion = 10.0.40219.1
Project("{2150E333-8FDC-42A3-9474-1A3956D46DE8}") = "Services", "Services", "{5854FF58-B8C5-05C6-5BF2-ACE42193F22B}"
EndProject
Project("{FAE04EC0-301F-11D3-BF4B-00C04F79EFBC}") = "ComptesService", "Services\ComptesService\ComptesService.csproj", "{ECAB4481-A6B0-40CB-8E3A-6E4A926DC385}"
EndProject
Project("{FAE04EC0-301F-11D3-BF4B-00C04F79EFBC}") = "CategoriesService", "Services\CategoriesService\CategoriesService.csproj", "{17CF2EB0-5EB5-4906-BA82-6E8AF45DC018}"
EndProject
Project("{FAE04EC0-301F-11D3-BF4B-00C04F79EFBC}") = "TransactionService", "Services\TransactionService\TransactionService.csproj", "{7357ABAE-FA05-4B47-93D9-BAE43F7818EE}"
EndProject
Project("{FAE04EC0-301F-11D3-BF4B-00C04F79EFBC}") = "BudgetService", "Services\BudgetService\BudgetService.csproj", "{B07A62F2-CB88-45C3-9EF3-986ADF350D79}"
EndProject
Project("{FAE04EC0-301F-11D3-BF4B-00C04F79EFBC}") = "RapportService", "Services\RapportService\RapportService.csproj", "{9B5439C5-0F1D-4BA4-A7BB-D0E3421E03BA}"
EndProject
Project("{FAE04EC0-301F-11D3-BF4B-00C04F79EFBC}") = "ApiGateway", "ApiGateway\ApiGateway.csproj", "{4E0CD2E8-2C1E-4F1E-A1D4-76FEF4580D96}"
EndProject
Global
	GlobalSection(SolutionConfigurationPlatforms) = preSolution
		Debug|Any CPU = Debug|Any CPU
		Debug|x64 = Debug|x64
		Debug|x86 = Debug|x86
		Release|Any CPU = Release|Any CPU
		Release|x64 = Release|x64
		Release|x86 = Release|x86
	EndGlobalSection
	GlobalSection(ProjectConfigurationPlatforms) = postSolution
		{ECAB4481-A6B0-40CB-8E3A-6E4A926DC385}.Debug|Any CPU.ActiveCfg = Debug|Any CPU
		{ECAB4481-A6B0-40CB-8E3A-6E4A926DC385}.Debug|Any CPU.Build.0 = Debug|Any CPU
		{ECAB4481-A6B0-40CB-8E3A-6E4A926DC385}.Debug|x64.ActiveCfg = Debug|Any CPU
		{ECAB4481-A6B0-40CB-8E3A-6E4A926DC385}.Debug|x64.Build.0 = Debug|Any CPU
		{ECAB4481-A6B0-40CB-8E3A-6E4A926DC385}.Debug|x86.ActiveCfg = Debug|Any CPU
		{ECAB4481-A6B0-40CB-8E3A-6E4A926DC385}.Debug|x86.Build.0 = Debug|Any CPU
		{ECAB4481-A6B0-40CB-8E3A-6E4A926DC385}.Release|Any CPU.ActiveCfg = Release|Any CPU
		{ECAB4481-A6B0-40CB-8E3A-6E4A926DC385}.Release|Any CPU.Build.0 = Release|Any CPU
		{ECAB4481-A6B0-40CB-8E3A-6E4A926DC385}.Release|x64.ActiveCfg = Release|Any CPU
		{ECAB4481-A6B0-40CB-8E3A-6E4A926DC385}.Release|x64.Build.0 = Release|Any CPU
		{ECAB4481-A6B0-40CB-8E3A-6E4A926DC385}.Release|x86.ActiveCfg = Release|Any CPU
		{ECAB4481-A6B0-40CB-8E3A-6E4A926DC385}.Release|x86.Build.0 = Release|Any CPU
		{17CF2EB0-5EB5-4906-BA82-6E8AF45DC018}.Debug|Any CPU.ActiveCfg = Debug|Any CPU
		{17CF2EB0-5EB5-4906-BA82-6E8AF45DC018}.Debug|Any CPU.Build.0 = Debug|Any CPU
		{17CF2EB0-5EB5-4906-BA82-6E8AF45DC018}.Debug|x64.ActiveCfg = Debug|Any CPU
		{17CF2EB0-5EB5-4906-BA82-6E8AF45DC018}.Debug|x64.Build.0 = Debug|Any CPU
		{17CF2EB0-5EB5-4906-BA82-6E8AF45DC018}.Debug|x86.ActiveCfg = Debug|Any CPU
		{17CF2EB0-5EB5-4906-BA82-6E8AF45DC018}.Debug|x86.Build.0 = Debug|Any CPU
		{17CF2EB0-5EB5-4906-BA82-6E8AF45DC018}.Release|Any CPU.ActiveCfg = Release|Any CPU
		{17CF2EB0-5EB5-4906-BA82-6E8AF45DC018}.Release|Any CPU.Build.0 = Release|Any CPU
		{17CF2EB0-5EB5-4906-BA82-6E8AF45DC018}.Release|x64.ActiveCfg = Release|Any CPU
		{17CF2EB0-5EB5-4906-BA82-6E8AF45DC018}.Release|x64.Build.0 = Release|Any CPU
		{17CF2EB0-5EB5-4906-BA82-6E8AF45DC018}.Release|x86.ActiveCfg = Release|Any CPU
		{17CF2EB0-5EB5-4906-BA82-6E8AF45DC018}.Release|x86.Build.0 = Release|Any CPU
		{7357ABAE-FA05-4B47-93D9-BAE43F7818EE}.Debug|Any CPU.ActiveCfg = Debug|Any CPU
		{7357ABAE-FA05-4B47-93D9-BAE43F7818EE}.Debug|Any CPU.Build.0 = Debug|Any CPU
		{7357ABAE-FA05-4B47-93D9-BAE43F7818EE}.Debug|x64.ActiveCfg = Debug|Any CPU
		{7357ABAE-FA05-4B47-93D9-BAE43F7818EE}.Debug|x64.Build.0 = Debug|Any CPU
		{7357ABAE-FA05-4B47-93D9-BAE43F7818EE}.Debug|x86.ActiveCfg = Debug|Any CPU
		{7357ABAE-FA05-4B47-93D9-BAE43F7818EE}.Debug|x86.Build.0 = Debug|Any CPU
		{7357ABAE-FA05-4B47-93D9-BAE43F7818EE}.Release|Any CPU.ActiveCfg = Release|Any CPU
		{7357ABAE-FA05-4B47-93D9-BAE43F7818EE}.Release|Any CPU.Build.0 = Release|Any CPU
		{7357ABAE-FA05-4B47-93D9-BAE43F7818EE}.Release|x64.ActiveCfg = Release|Any CPU
		{7357ABAE-FA05-4B47-93D9-BAE43F7818EE}.Release|x64.Build.0 = Release|Any CPU
		{7357ABAE-FA05-4B47-93D9-BAE43F7818EE}.Release|x86.ActiveCfg = Release|Any CPU
		{7357ABAE-FA05-4B47-93D9-BAE43F7818EE}.Release|x86.Build.0 = Release|Any CPU
		{B07A62F2-CB88-45C3-9EF3-986ADF350D79}.Debug|Any CPU.ActiveCfg = Debug|Any CPU
		{B07A62F2-CB88-45C3-9EF3-986ADF350D79}.Debug|Any CPU.Build.0 = Debug|Any CPU
		{B07A62F2-CB88-45C3-9EF3-986ADF350D79}.Debug|x64.ActiveCfg = Debug|Any CPU
		{B07A62F2-CB88-45C3-9EF3-986ADF350D79}.Debug|x64.Build.0 = Debug|Any CPU
		{B07A62F2-CB88-45C3-9EF3-986ADF350D79}.Debug|x86.ActiveCfg = Debug|Any CPU
		{B07A62F2-CB88-45C3-9EF3-986ADF350D79}.Debug|x86.Build.0 = Debug|Any CPU
		{B07A62F2-CB88-45C3-9EF3-986ADF350D79}.Release|Any CPU.ActiveCfg = Release|Any CPU
		{B07A62F2-CB88-45C3-9EF3-986ADF350D79}.Release|Any CPU.Build.0 = Release|Any CPU
		{B07A62F2-CB88-45C3-9EF3-986ADF350D79}.Release|x64.ActiveCfg = Release|Any CPU
		{B07A62F2-CB88-45C3-9EF3-986ADF350D79}.Release|x64.Build.0 = Release|Any CPU
		{B07A62F2-CB88-45C3-9EF3-986ADF350D79}.Release|x86.ActiveCfg = Release|Any CPU
		{B07A62F2-CB88-45C3-9EF3-986ADF350D79}.Release|x86.Build.0 = Release|Any CPU
		{9B5439C5-0F1D-4BA4-A7BB-D0E3421E03BA}.Debug|Any CPU.ActiveCfg = Debug|Any CPU
		{9B5439C5-0F1D-4BA4-A7BB-D0E3421E03BA}.Debug|Any CPU.Build.0 = Debug|Any CPU
		{9B5439C5-0F1D-4BA4-A7BB-D0E3421E03BA}.Debug|x64.ActiveCfg = Debug|Any CPU
		{9B5439C5-0F1D-4BA4-A7BB-D0E3421E03BA}.Debug|x64.Build.0 = Debug|Any CPU
		{9B5439C5-0F1D-4BA4-A7BB-D0E3421E03BA}.Debug|x86.ActiveCfg = Debug|Any CPU
		{9B5439C5-0F1D-4BA4-A7BB-D0E3421E03BA}.Debug|x86.Build.0 = Debug|Any CPU
		{9B5439C5-0F1D-4BA4-A7BB-D0E3421E03BA}.Release|Any CPU.ActiveCfg = Release|Any CPU
		{9B5439C5-0F1D-4BA4-A7BB-D0E3421E03BA}.Release|Any CPU.Build.0 = Release|Any CPU
		{9B5439C5-0F1D-4BA4-A7BB-D0E3421E03BA}.Release|x64.ActiveCfg = Release|Any CPU
		{9B5439C5-0F1D-4BA4-A7BB-D0E3421E03BA}.Release|x64.Build.0 = Release|Any CPU
		{9B5439C5-0F1D-4BA4-A7BB-D0E3421E03BA}.Release|x86.ActiveCfg = Release|Any CPU
		{9B5439C5-0F1D-4BA4-A7BB-D0E3421E03BA}.Release|x86.Build.0 = Release|Any CPU
		{4E0CD2E8-2C1E-4F1E-A1D4-76FEF4580D96}.Debug|Any CPU.ActiveCfg = Debug|Any CPU
		{4E0CD2E8-2C1E-4F1E-A1D4-76FEF4580D96}.Debug|Any CPU.Build.0 = Debug|Any CPU
		{4E0CD2E8-2C1E-4F1E-A1D4-76FEF4580D96}.Debug|x64.ActiveCfg = Debug|Any CPU
		{4E0CD2E8-2C1E-4F1E-A1D4-76FEF4580D96}.Debug|x64.Build.0 = Debug|Any CPU
		{4E0CD2E8-2C1E-4F1E-A1D4-76FEF4580D96}.Debug|x86.ActiveCfg = Debug|Any CPU
		{4E0CD2E8-2C1E-4F1E-A1D4-76FEF4580D96}.Debug|x86.Build.0 = Debug|Any CPU
		{4E0CD2E8-2C1E-4F1E-A1D4-76FEF4580D96}.Release|Any CPU.ActiveCfg = Release|Any CPU
		{4E0CD2E8-2C1E-4F1E-A1D4-76FEF4580D96}.Release|Any CPU.Build.0 = Release|Any CPU
		{4E0CD2E8-2C1E-4F1E-A1D4-76FEF4580D96}.Release|x64.ActiveCfg = Release|Any CPU
		{4E0CD2E8-2C1E-4F1E-A1D4-76FEF4580D96}.Release|x64.Build.0 = Release|Any CPU
		{4E0CD2E8-2C1E-4F1E-A1D4-76FEF4580D96}.Release|x86.ActiveCfg = Release|Any CPU
		{4E0CD2E8-2C1E-4F1E-A1D4-76FEF4580D96}.Release|x86.Build.0 = Release|Any CPU
	EndGlobalSection
	GlobalSection(SolutionProperties) = preSolution
		HideSolutionNode = FALSE
	EndGlobalSection
	GlobalSection(NestedProjects) = preSolution
		{ECAB4481-A6B0-40CB-8E3A-6E4A926DC385} = {5854FF58-B8C5-05C6-5BF2-ACE42193F22B}
		{17CF2EB0-5EB5-4906-BA82-6E8AF45DC018} = {5854FF58-B8C5-05C6-5BF2-ACE42193F22B}
		{7357ABAE-FA05-4B47-93D9-BAE43F7818EE} = {5854FF58-B8C5-05C6-5BF2-ACE42193F22B}
		{B07A62F2-CB88-45C3-9EF3-986ADF350D79} = {5854FF58-B8C5-05C6-5BF2-ACE42193F22B}
		{9B5439C5-0F1D-4BA4-A7BB-D0E3421E03BA} = {5854FF58-B8C5-05C6-5BF2-ACE42193F22B}
	EndGlobalSection
EndGlobal
